
Microsoft Visual Studio Solution File, Format Version 12.00
# Visual Studio 14
VisualStudioVersion = 14.0.25420.1
MinimumVisualStudioVersion = 10.0.40219.1
Project("{FAE04EC0-301F-11D3-BF4B-00C04F79EFBC}") = "Server", "Server\Server.csproj", "{B7224B53-7A1D-4D20-BC88-D38D11141EAA}"
EndProject
Project("{FAE04EC0-301F-11D3-BF4B-00C04F79EFBC}") = "Biblioteka", "Biblioteka\Biblioteka.csproj", "{52AA1A89-6AE7-4964-AF4D-3184B6FFD0FF}"
EndProject
Project("{FAE04EC0-301F-11D3-BF4B-00C04F79EFBC}") = "Client", "Client\Client.csproj", "{21AEBC2C-5D3C-48C5-A556-E40CF43817F7}"
EndProject
Project("{2150E333-8FDC-42A3-9474-1A3956D46DE8}") = "Test", "Test", "{F3E76160-0D63-4C7C-B24E-DC1F2CA752B3}"
EndProject
Project("{FAE04EC0-301F-11D3-BF4B-00C04F79EFBC}") = "ProjTest", "ProjTest\ProjTest.csproj", "{4AC7B9EE-7246-4ECE-98C1-A06A05F6B4DA}"
EndProject
Global
	GlobalSection(SolutionConfigurationPlatforms) = preSolution
		Debug|Any CPU = Debug|Any CPU
		Release|Any CPU = Release|Any CPU
	EndGlobalSection
	GlobalSection(ProjectConfigurationPlatforms) = postSolution
		{B7224B53-7A1D-4D20-BC88-D38D11141EAA}.Debug|Any CPU.ActiveCfg = Debug|Any CPU
		{B7224B53-7A1D-4D20-BC88-D38D11141EAA}.Debug|Any CPU.Build.0 = Debug|Any CPU
		{B7224B53-7A1D-4D20-BC88-D38D11141EAA}.Release|Any CPU.ActiveCfg = Release|Any CPU
		{B7224B53-7A1D-4D20-BC88-D38D11141EAA}.Release|Any CPU.Build.0 = Release|Any CPU
		{52AA1A89-6AE7-4964-AF4D-3184B6FFD0FF}.Debug|Any CPU.ActiveCfg = Debug|Any CPU
		{52AA1A89-6AE7-4964-AF4D-3184B6FFD0FF}.Debug|Any CPU.Build.0 = Debug|Any CPU
		{52AA1A89-6AE7-4964-AF4D-3184B6FFD0FF}.Release|Any CPU.ActiveCfg = Release|Any CPU
		{52AA1A89-6AE7-4964-AF4D-3184B6FFD0FF}.Release|Any CPU.Build.0 = Release|Any CPU
		{21AEBC2C-5D3C-48C5-A556-E40CF43817F7}.Debug|Any CPU.ActiveCfg = Debug|Any CPU
		{21AEBC2C-5D3C-48C5-A556-E40CF43817F7}.Debug|Any CPU.Build.0 = Debug|Any CPU
		{21AEBC2C-5D3C-48C5-A556-E40CF43817F7}.Release|Any CPU.ActiveCfg = Release|Any CPU
		{21AEBC2C-5D3C-48C5-A556-E40CF43817F7}.Release|Any CPU.Build.0 = Release|Any CPU
		{4AC7B9EE-7246-4ECE-98C1-A06A05F6B4DA}.Debug|Any CPU.ActiveCfg = Debug|Any CPU
		{4AC7B9EE-7246-4ECE-98C1-A06A05F6B4DA}.Debug|Any CPU.Build.0 = Debug|Any CPU
		{4AC7B9EE-7246-4ECE-98C1-A06A05F6B4DA}.Release|Any CPU.ActiveCfg = Release|Any CPU
		{4AC7B9EE-7246-4ECE-98C1-A06A05F6B4DA}.Release|Any CPU.Build.0 = Release|Any CPU
	EndGlobalSection
	GlobalSection(SolutionProperties) = preSolution
		HideSolutionNode = FALSE
	EndGlobalSection
	GlobalSection(NestedProjects) = preSolution
		{4AC7B9EE-7246-4ECE-98C1-A06A05F6B4DA} = {F3E76160-0D63-4C7C-B24E-DC1F2CA752B3}
	EndGlobalSection
EndGlobal
